<?xml version="1.0" encoding="UTF-8" standalone="yes" ?>
<CodeBlocks_project_file>
	<FileVersion major="1" minor="6" />
	<Project>
		<Option title="igra" />
		<Option pch_mode="2" />
		<Option compiler="gcc" />
		<Build>
			<Target title="Debug">
				<Option output="bin/Debug/igra" prefix_auto="1" extension_auto="1" />
				<Option object_output="obj/Debug/" />
				<Option type="1" />
				<Option compiler="gcc" />
				<Compiler>
					<Add option="-g" />
				</Compiler>
			</Target>
			<Target title="Release">
				<Option output="bin/Release/igra" prefix_auto="1" extension_auto="1" />
				<Option object_output="obj/Release/" />
				<Option type="1" />
				<Option compiler="gcc" />
				<Compiler>
					<Add option="-O2" />
				</Compiler>
				<Linker>
					<Add option="-s" />
				</Linker>
			</Target>
		</Build>
		<Compiler>
			<Add option="-Wall" />
			<Add option="-std=c++11" />
			<Add option="-fexceptions" />
			<Add directory="../../SDL2/i686-w64-mingw32/include" />
		</Compiler>
		<Linker>
			<Add option="-lmingw32" />
			<Add option="-lSDL2main" />
			<Add option="-lSDL2" />
			<Add option="-lSDL2_image" />
			<Add option="-lSDL2_ttf" />
			<Add directory="../../SDL2/i686-w64-mingw32/lib" />
		</Linker>
		<Unit filename="AnimatedSprite.cpp" />
		<Unit filename="AnimatedSprite.h" />
		<Unit filename="DynaAnimatedSprite.cpp" />
		<Unit filename="DynaAnimatedSprite.h" />
		<Unit filename="ENGINE.CPP" />
		<Unit filename="ENGINE.H" />
		<Unit filename="EnemyAnimatedSprite.cpp" />
		<Unit filename="EnemyAnimatedSprite.h" />
		<Unit filename="KeyEventHandler.h" />
		<Unit filename="LEVEL.CPP" />
		<Unit filename="LEVEL.H" />
		<Unit filename="SPRITE.CPP" />
		<Unit filename="SPRITE.H" />
		<Unit filename="TILE.CPP" />
		<Unit filename="TILE.H" />
		<Unit filename="main.cpp" />
		<Extensions>
			<code_completion />
			<envvars />
			<debugger />
			<lib_finder disable_auto="1" />
		</Extensions>
	</Project>
</CodeBlocks_project_file>
